
Microsoft Visual Studio Solution File, Format Version 12.00
# Visual Studio Version 17
VisualStudioVersion = 17.3.32922.545
MinimumVisualStudioVersion = 10.0.40219.1
Project("{8BC9CEB8-8B4A-11D0-8D11-00A0C91BC942}") = "ConsoleApplication1", "ConsoleApplication1\ConsoleApplication1.vcxproj", "{1E71AAC6-B947-4FB4-B3A3-7CBAB3CE32FE}"
EndProject
Project("{FAE04EC0-301F-11D3-BF4B-00C04F79EFBC}") = "ShowDatas", "ShowDatas\ShowDatas.csproj", "{FA8F1770-2C56-4B8F-910C-EA0D462ECF8B}"
EndProject
Global
	GlobalSection(SolutionConfigurationPlatforms) = preSolution
		Debug|Any CPU = Debug|Any CPU
		Debug|x64 = Debug|x64
		Debug|x86 = Debug|x86
		Release|Any CPU = Release|Any CPU
		Release|x64 = Release|x64
		Release|x86 = Release|x86
	EndGlobalSection
	GlobalSection(ProjectConfigurationPlatforms) = postSolution
		{1E71AAC6-B947-4FB4-B3A3-7CBAB3CE32FE}.Debug|Any CPU.ActiveCfg = Debug|x64
		{1E71AAC6-B947-4FB4-B3A3-7CBAB3CE32FE}.Debug|Any CPU.Build.0 = Debug|x64
		{1E71AAC6-B947-4FB4-B3A3-7CBAB3CE32FE}.Debug|x64.ActiveCfg = Debug|x64
		{1E71AAC6-B947-4FB4-B3A3-7CBAB3CE32FE}.Debug|x64.Build.0 = Debug|x64
		{1E71AAC6-B947-4FB4-B3A3-7CBAB3CE32FE}.Debug|x86.ActiveCfg = Debug|Win32
		{1E71AAC6-B947-4FB4-B3A3-7CBAB3CE32FE}.Debug|x86.Build.0 = Debug|Win32
		{1E71AAC6-B947-4FB4-B3A3-7CBAB3CE32FE}.Release|Any CPU.ActiveCfg = Release|x64
		{1E71AAC6-B947-4FB4-B3A3-7CBAB3CE32FE}.Release|Any CPU.Build.0 = Release|x64
		{1E71AAC6-B947-4FB4-B3A3-7CBAB3CE32FE}.Release|x64.ActiveCfg = Release|x64
		{1E71AAC6-B947-4FB4-B3A3-7CBAB3CE32FE}.Release|x64.Build.0 = Release|x64
		{1E71AAC6-B947-4FB4-B3A3-7CBAB3CE32FE}.Release|x86.ActiveCfg = Release|Win32
		{1E71AAC6-B947-4FB4-B3A3-7CBAB3CE32FE}.Release|x86.Build.0 = Release|Win32
		{FA8F1770-2C56-4B8F-910C-EA0D462ECF8B}.Debug|Any CPU.ActiveCfg = Debug|Any CPU
		{FA8F1770-2C56-4B8F-910C-EA0D462ECF8B}.Debug|Any CPU.Build.0 = Debug|Any CPU
		{FA8F1770-2C56-4B8F-910C-EA0D462ECF8B}.Debug|x64.ActiveCfg = Debug|Any CPU
		{FA8F1770-2C56-4B8F-910C-EA0D462ECF8B}.Debug|x64.Build.0 = Debug|Any CPU
		{FA8F1770-2C56-4B8F-910C-EA0D462ECF8B}.Debug|x86.ActiveCfg = Debug|Any CPU
		{FA8F1770-2C56-4B8F-910C-EA0D462ECF8B}.Debug|x86.Build.0 = Debug|Any CPU
		{FA8F1770-2C56-4B8F-910C-EA0D462ECF8B}.Release|Any CPU.ActiveCfg = Release|Any CPU
		{FA8F1770-2C56-4B8F-910C-EA0D462ECF8B}.Release|Any CPU.Build.0 = Release|Any CPU
		{FA8F1770-2C56-4B8F-910C-EA0D462ECF8B}.Release|x64.ActiveCfg = Release|Any CPU
		{FA8F1770-2C56-4B8F-910C-EA0D462ECF8B}.Release|x64.Build.0 = Release|Any CPU
		{FA8F1770-2C56-4B8F-910C-EA0D462ECF8B}.Release|x86.ActiveCfg = Release|Any CPU
		{FA8F1770-2C56-4B8F-910C-EA0D462ECF8B}.Release|x86.Build.0 = Release|Any CPU
	EndGlobalSection
	GlobalSection(SolutionProperties) = preSolution
		HideSolutionNode = FALSE
	EndGlobalSection
	GlobalSection(ExtensibilityGlobals) = postSolution
		SolutionGuid = {8AFDD57C-ABA9-415E-BA95-2168B885F4C4}
	EndGlobalSection
EndGlobal
